
Microsoft Visual Studio Solution File, Format Version 12.00
# Visual Studio Version 16
VisualStudioVersion = 16.0.31402.337
MinimumVisualStudioVersion = 10.0.40219.1
Project("{FAE04EC0-301F-11D3-BF4B-00C04F79EFBC}") = "Punto_De_Venta_Andro", "Punto_De_Venta_Andro.csproj", "{7D82E5BB-B8CF-4D1C-ABEF-053740AB581B}"
EndProject
Global
	GlobalSection(SolutionConfigurationPlatforms) = preSolution
		Debug|Any CPU = Debug|Any CPU
		Release|Any CPU = Release|Any CPU
	EndGlobalSection
	GlobalSection(ProjectConfigurationPlatforms) = postSolution
		{7D82E5BB-B8CF-4D1C-ABEF-053740AB581B}.Debug|Any CPU.ActiveCfg = Debug|Any CPU
		{7D82E5BB-B8CF-4D1C-ABEF-053740AB581B}.Debug|Any CPU.Build.0 = Debug|Any CPU
		{7D82E5BB-B8CF-4D1C-ABEF-053740AB581B}.Release|Any CPU.ActiveCfg = Release|Any CPU
		{7D82E5BB-B8CF-4D1C-ABEF-053740AB581B}.Release|Any CPU.Build.0 = Release|Any CPU
	EndGlobalSection
	GlobalSection(SolutionProperties) = preSolution
		HideSolutionNode = FALSE
	EndGlobalSection
	GlobalSection(ExtensibilityGlobals) = postSolution
		SolutionGuid = {803F5FD7-B73B-42BE-A05C-96498AE58A3A}
	EndGlobalSection
EndGlobal
